
Microsoft Visual Studio Solution File, Format Version 12.00
# Visual Studio 15
VisualStudioVersion = 15.0.27130.2020
MinimumVisualStudioVersion = 10.0.40219.1
Project("{FAE04EC0-301F-11D3-BF4B-00C04F79EFBC}") = "DSEDiagnosticConsoleApplication", "DSEDiagnosticConsoleApplication\DSEDiagnosticConsoleApplication.csproj", "{288A5CE0-CE62-48EC-BA24-DE57D0660D3B}"
EndProject
Project("{FAE04EC0-301F-11D3-BF4B-00C04F79EFBC}") = "DSEDiagnosticToDataTable", "DSEDiagnosticToDataTable\DSEDiagnosticToDataTable.csproj", "{F4E842E1-39B7-4EA9-8820-D81D11D1522C}"
EndProject
Project("{FAE04EC0-301F-11D3-BF4B-00C04F79EFBC}") = "DataTableToExcel", "DSEDiagDataTableToExcel\DataTableToExcel.csproj", "{C4BE43F8-B1C2-4A51-A130-E2EED35A739C}"
EndProject
Project("{FAE04EC0-301F-11D3-BF4B-00C04F79EFBC}") = "DSEDiagtnosticToExcel", "DSEDiagtnosticToExcel\DSEDiagtnosticToExcel.csproj", "{3DB58190-B1FE-4134-A494-E3294BFAA903}"
EndProject
Project("{FAE04EC0-301F-11D3-BF4B-00C04F79EFBC}") = "DSEDiagnosticAnalytics", "DSEDiagnosticAnalytics\DSEDiagnosticAnalytics.csproj", "{17A460CF-1048-4851-844A-987A4A3762F8}"
EndProject
Project("{FAE04EC0-301F-11D3-BF4B-00C04F79EFBC}") = "DSEDiagnosticFileParserTests", "DSEDiagnosticFileParserTests\DSEDiagnosticFileParserTests.csproj", "{38ADDB75-7F29-4B0B-82FD-37D4BCC53D62}"
EndProject
Project("{00D1A9C2-B5F0-4AF3-8072-F6C62B433612}") = "DSEDiagnosticDatabase", "DSEDiagnosticDatabase\DSEDiagnosticDatabase.sqlproj", "{C5D5A09E-C23F-42C5-AA4B-E58ADD7ED41A}"
EndProject
Global
	GlobalSection(SolutionConfigurationPlatforms) = preSolution
		Debug|Any CPU = Debug|Any CPU
		Release|Any CPU = Release|Any CPU
	EndGlobalSection
	GlobalSection(ProjectConfigurationPlatforms) = postSolution
		{288A5CE0-CE62-48EC-BA24-DE57D0660D3B}.Debug|Any CPU.ActiveCfg = Debug|Any CPU
		{288A5CE0-CE62-48EC-BA24-DE57D0660D3B}.Debug|Any CPU.Build.0 = Debug|Any CPU
		{288A5CE0-CE62-48EC-BA24-DE57D0660D3B}.Release|Any CPU.ActiveCfg = Release|Any CPU
		{288A5CE0-CE62-48EC-BA24-DE57D0660D3B}.Release|Any CPU.Build.0 = Release|Any CPU
		{F4E842E1-39B7-4EA9-8820-D81D11D1522C}.Debug|Any CPU.ActiveCfg = Debug|Any CPU
		{F4E842E1-39B7-4EA9-8820-D81D11D1522C}.Debug|Any CPU.Build.0 = Debug|Any CPU
		{F4E842E1-39B7-4EA9-8820-D81D11D1522C}.Release|Any CPU.ActiveCfg = Release|Any CPU
		{F4E842E1-39B7-4EA9-8820-D81D11D1522C}.Release|Any CPU.Build.0 = Release|Any CPU
		{C4BE43F8-B1C2-4A51-A130-E2EED35A739C}.Debug|Any CPU.ActiveCfg = Debug|Any CPU
		{C4BE43F8-B1C2-4A51-A130-E2EED35A739C}.Debug|Any CPU.Build.0 = Debug|Any CPU
		{C4BE43F8-B1C2-4A51-A130-E2EED35A739C}.Release|Any CPU.ActiveCfg = Release|Any CPU
		{C4BE43F8-B1C2-4A51-A130-E2EED35A739C}.Release|Any CPU.Build.0 = Release|Any CPU
		{3DB58190-B1FE-4134-A494-E3294BFAA903}.Debug|Any CPU.ActiveCfg = Debug|Any CPU
		{3DB58190-B1FE-4134-A494-E3294BFAA903}.Debug|Any CPU.Build.0 = Debug|Any CPU
		{3DB58190-B1FE-4134-A494-E3294BFAA903}.Release|Any CPU.ActiveCfg = Release|Any CPU
		{3DB58190-B1FE-4134-A494-E3294BFAA903}.Release|Any CPU.Build.0 = Release|Any CPU
		{17A460CF-1048-4851-844A-987A4A3762F8}.Debug|Any CPU.ActiveCfg = Debug|Any CPU
		{17A460CF-1048-4851-844A-987A4A3762F8}.Debug|Any CPU.Build.0 = Debug|Any CPU
		{17A460CF-1048-4851-844A-987A4A3762F8}.Release|Any CPU.ActiveCfg = Release|Any CPU
		{17A460CF-1048-4851-844A-987A4A3762F8}.Release|Any CPU.Build.0 = Release|Any CPU
		{38ADDB75-7F29-4B0B-82FD-37D4BCC53D62}.Debug|Any CPU.ActiveCfg = Debug|Any CPU
		{38ADDB75-7F29-4B0B-82FD-37D4BCC53D62}.Debug|Any CPU.Build.0 = Debug|Any CPU
		{38ADDB75-7F29-4B0B-82FD-37D4BCC53D62}.Release|Any CPU.ActiveCfg = Release|Any CPU
		{38ADDB75-7F29-4B0B-82FD-37D4BCC53D62}.Release|Any CPU.Build.0 = Release|Any CPU
		{C5D5A09E-C23F-42C5-AA4B-E58ADD7ED41A}.Debug|Any CPU.ActiveCfg = Debug|Any CPU
		{C5D5A09E-C23F-42C5-AA4B-E58ADD7ED41A}.Debug|Any CPU.Build.0 = Debug|Any CPU
		{C5D5A09E-C23F-42C5-AA4B-E58ADD7ED41A}.Debug|Any CPU.Deploy.0 = Debug|Any CPU
		{C5D5A09E-C23F-42C5-AA4B-E58ADD7ED41A}.Release|Any CPU.ActiveCfg = Release|Any CPU
		{C5D5A09E-C23F-42C5-AA4B-E58ADD7ED41A}.Release|Any CPU.Build.0 = Release|Any CPU
		{C5D5A09E-C23F-42C5-AA4B-E58ADD7ED41A}.Release|Any CPU.Deploy.0 = Release|Any CPU
	EndGlobalSection
	GlobalSection(SolutionProperties) = preSolution
		HideSolutionNode = FALSE
	EndGlobalSection
	GlobalSection(ExtensibilityGlobals) = postSolution
		SolutionGuid = {1DCA30B6-0CCF-4DD6-A58C-805B4519E297}
	EndGlobalSection
EndGlobal
