
Microsoft Visual Studio Solution File, Format Version 12.00
# Visual Studio 15
VisualStudioVersion = 15.0.28307.902
MinimumVisualStudioVersion = 10.0.40219.1
Project("{9A19103F-16F7-4668-BE54-9A1E7A4F7556}") = "DSEDiagDataTableToExcel.Core", "DSEDiagDataTableToExcel.Core\DSEDiagDataTableToExcel.Core.csproj", "{E548030E-D405-4EA4-986E-25E7D120DBD3}"
EndProject
Project("{9A19103F-16F7-4668-BE54-9A1E7A4F7556}") = "DSEDiagnosticLogger.Core", "DSEDiagnosticLogger.Core\DSEDiagnosticLogger.Core.csproj", "{902233A6-CC7F-4FA6-8617-31DB69F7D01E}"
EndProject
Project("{9A19103F-16F7-4668-BE54-9A1E7A4F7556}") = "DSEDiagnosticLog4NetParser.Core", "DSEDiagnosticLog4NetParser.Core\DSEDiagnosticLog4NetParser.Core.csproj", "{95289FF9-F784-48BD-A957-E359A41A4A36}"
EndProject
Project("{9A19103F-16F7-4668-BE54-9A1E7A4F7556}") = "DSEDiagnosticParamsSettings.Core", "DSEDiagnosticParamsSettings.Core\DSEDiagnosticParamsSettings.Core.csproj", "{F9CE19C4-C453-4981-8997-2BA14105A7E2}"
EndProject
Project("{9A19103F-16F7-4668-BE54-9A1E7A4F7556}") = "DSEDiagnosticLibrary.Core", "DSEDiagnosticLibrary.Core\DSEDiagnosticLibrary.Core.csproj", "{3A9D3712-80DD-49D8-A88E-BAAE308F7A96}"
EndProject
Project("{9A19103F-16F7-4668-BE54-9A1E7A4F7556}") = "DSEDiagnosticLibraryTests.Core", "DSEDiagnosticLibraryTests.Core\DSEDiagnosticLibraryTests.Core.csproj", "{2ACEA3F7-6132-47AD-94F0-22B24790B1E1}"
EndProject
Project("{9A19103F-16F7-4668-BE54-9A1E7A4F7556}") = "DSEDiagnosticLog4NetParserTests.Core", "DSEDiagnosticLog4NetParserTests.Core\DSEDiagnosticLog4NetParserTests.Core.csproj", "{8729D795-0476-443E-B70F-628DDA88F103}"
EndProject
Project("{9A19103F-16F7-4668-BE54-9A1E7A4F7556}") = "DSEDiagnosticTaskSchedulers.Core", "DSEDiagnosticTaskSchedulers.Core\DSEDiagnosticTaskSchedulers.Core.csproj", "{A01D4547-6242-489B-9449-9E972CBC4891}"
EndProject
Project("{9A19103F-16F7-4668-BE54-9A1E7A4F7556}") = "DSEDiagnosticCQLSchema.Core", "DSEDiagnosticCQLSchema.Core\DSEDiagnosticCQLSchema.Core.csproj", "{E0B0F44A-790A-4B31-980F-920594A7C3BE}"
EndProject
Project("{9A19103F-16F7-4668-BE54-9A1E7A4F7556}") = "DSEDiagnosticFileParser.Core", "DSEDiagnosticFileParser.Core\DSEDiagnosticFileParser.Core.csproj", "{6536A452-BDF9-489E-86AB-C0AEEDB44FFC}"
EndProject
Project("{9A19103F-16F7-4668-BE54-9A1E7A4F7556}") = "DSEDiagnosticAnalytics.Core", "DSEDiagnosticAnalytics.Core\DSEDiagnosticAnalytics.Core.csproj", "{795DC7FA-8148-422F-B92F-75D7F89C4F23}"
EndProject
Project("{9A19103F-16F7-4668-BE54-9A1E7A4F7556}") = "DSEDiagnosticFileParserTests.Core", "DSEDiagnosticFileParserTests.Core\DSEDiagnosticFileParserTests.Core.csproj", "{5DE4886C-E0AE-47A1-824B-A08627072E8E}"
EndProject
Project("{9A19103F-16F7-4668-BE54-9A1E7A4F7556}") = "DSEDiagnosticToDataTable.Core", "DSEDiagnosticToDataTable.Core\DSEDiagnosticToDataTable.Core.csproj", "{8B466418-B659-49AC-B259-E4B812DA4895}"
EndProject
Project("{9A19103F-16F7-4668-BE54-9A1E7A4F7556}") = "DSEDiagtnosticToExcel.Core", "DSEDiagtnosticToExcel.Core\DSEDiagtnosticToExcel.Core.csproj", "{31371001-5605-4129-9BCE-52277DC00623}"
EndProject
Project("{9A19103F-16F7-4668-BE54-9A1E7A4F7556}") = "DSEDiagnosticConsoleApplication.Core", "DSEDiagnosticConsoleApplication.Core\DSEDiagnosticConsoleApplication.Core.csproj", "{F22C0FA9-FDAA-4303-BBDF-D2A69139E238}"
EndProject
Global
	GlobalSection(SolutionConfigurationPlatforms) = preSolution
		Debug|Any CPU = Debug|Any CPU
		Release|Any CPU = Release|Any CPU
		Release-NoRepro|Any CPU = Release-NoRepro|Any CPU
	EndGlobalSection
	GlobalSection(ProjectConfigurationPlatforms) = postSolution
		{E548030E-D405-4EA4-986E-25E7D120DBD3}.Debug|Any CPU.ActiveCfg = Debug|Any CPU
		{E548030E-D405-4EA4-986E-25E7D120DBD3}.Debug|Any CPU.Build.0 = Debug|Any CPU
		{E548030E-D405-4EA4-986E-25E7D120DBD3}.Release|Any CPU.ActiveCfg = Release|Any CPU
		{E548030E-D405-4EA4-986E-25E7D120DBD3}.Release|Any CPU.Build.0 = Release|Any CPU
		{E548030E-D405-4EA4-986E-25E7D120DBD3}.Release-NoRepro|Any CPU.ActiveCfg = Release-NoRepro|Any CPU
		{E548030E-D405-4EA4-986E-25E7D120DBD3}.Release-NoRepro|Any CPU.Build.0 = Release-NoRepro|Any CPU
		{902233A6-CC7F-4FA6-8617-31DB69F7D01E}.Debug|Any CPU.ActiveCfg = Debug|Any CPU
		{902233A6-CC7F-4FA6-8617-31DB69F7D01E}.Debug|Any CPU.Build.0 = Debug|Any CPU
		{902233A6-CC7F-4FA6-8617-31DB69F7D01E}.Release|Any CPU.ActiveCfg = Release|Any CPU
		{902233A6-CC7F-4FA6-8617-31DB69F7D01E}.Release|Any CPU.Build.0 = Release|Any CPU
		{902233A6-CC7F-4FA6-8617-31DB69F7D01E}.Release-NoRepro|Any CPU.ActiveCfg = Release-NoRepro|Any CPU
		{902233A6-CC7F-4FA6-8617-31DB69F7D01E}.Release-NoRepro|Any CPU.Build.0 = Release-NoRepro|Any CPU
		{95289FF9-F784-48BD-A957-E359A41A4A36}.Debug|Any CPU.ActiveCfg = Debug|Any CPU
		{95289FF9-F784-48BD-A957-E359A41A4A36}.Debug|Any CPU.Build.0 = Debug|Any CPU
		{95289FF9-F784-48BD-A957-E359A41A4A36}.Release|Any CPU.ActiveCfg = Release|Any CPU
		{95289FF9-F784-48BD-A957-E359A41A4A36}.Release|Any CPU.Build.0 = Release|Any CPU
		{95289FF9-F784-48BD-A957-E359A41A4A36}.Release-NoRepro|Any CPU.ActiveCfg = Release-NoRepro|Any CPU
		{95289FF9-F784-48BD-A957-E359A41A4A36}.Release-NoRepro|Any CPU.Build.0 = Release-NoRepro|Any CPU
		{F9CE19C4-C453-4981-8997-2BA14105A7E2}.Debug|Any CPU.ActiveCfg = Debug|Any CPU
		{F9CE19C4-C453-4981-8997-2BA14105A7E2}.Debug|Any CPU.Build.0 = Debug|Any CPU
		{F9CE19C4-C453-4981-8997-2BA14105A7E2}.Release|Any CPU.ActiveCfg = Release|Any CPU
		{F9CE19C4-C453-4981-8997-2BA14105A7E2}.Release|Any CPU.Build.0 = Release|Any CPU
		{F9CE19C4-C453-4981-8997-2BA14105A7E2}.Release-NoRepro|Any CPU.ActiveCfg = Release-NoRepro|Any CPU
		{F9CE19C4-C453-4981-8997-2BA14105A7E2}.Release-NoRepro|Any CPU.Build.0 = Release-NoRepro|Any CPU
		{3A9D3712-80DD-49D8-A88E-BAAE308F7A96}.Debug|Any CPU.ActiveCfg = Debug|Any CPU
		{3A9D3712-80DD-49D8-A88E-BAAE308F7A96}.Debug|Any CPU.Build.0 = Debug|Any CPU
		{3A9D3712-80DD-49D8-A88E-BAAE308F7A96}.Release|Any CPU.ActiveCfg = Release|Any CPU
		{3A9D3712-80DD-49D8-A88E-BAAE308F7A96}.Release|Any CPU.Build.0 = Release|Any CPU
		{3A9D3712-80DD-49D8-A88E-BAAE308F7A96}.Release-NoRepro|Any CPU.ActiveCfg = Release-NoRepro|Any CPU
		{3A9D3712-80DD-49D8-A88E-BAAE308F7A96}.Release-NoRepro|Any CPU.Build.0 = Release-NoRepro|Any CPU
		{2ACEA3F7-6132-47AD-94F0-22B24790B1E1}.Debug|Any CPU.ActiveCfg = Debug|Any CPU
		{2ACEA3F7-6132-47AD-94F0-22B24790B1E1}.Debug|Any CPU.Build.0 = Debug|Any CPU
		{2ACEA3F7-6132-47AD-94F0-22B24790B1E1}.Release|Any CPU.ActiveCfg = Release|Any CPU
		{2ACEA3F7-6132-47AD-94F0-22B24790B1E1}.Release|Any CPU.Build.0 = Release|Any CPU
		{2ACEA3F7-6132-47AD-94F0-22B24790B1E1}.Release-NoRepro|Any CPU.ActiveCfg = Release-NoRepro|Any CPU
		{8729D795-0476-443E-B70F-628DDA88F103}.Debug|Any CPU.ActiveCfg = Debug|Any CPU
		{8729D795-0476-443E-B70F-628DDA88F103}.Debug|Any CPU.Build.0 = Debug|Any CPU
		{8729D795-0476-443E-B70F-628DDA88F103}.Release|Any CPU.ActiveCfg = Release|Any CPU
		{8729D795-0476-443E-B70F-628DDA88F103}.Release|Any CPU.Build.0 = Release|Any CPU
		{8729D795-0476-443E-B70F-628DDA88F103}.Release-NoRepro|Any CPU.ActiveCfg = Release-NoRepro|Any CPU
		{A01D4547-6242-489B-9449-9E972CBC4891}.Debug|Any CPU.ActiveCfg = Debug|Any CPU
		{A01D4547-6242-489B-9449-9E972CBC4891}.Debug|Any CPU.Build.0 = Debug|Any CPU
		{A01D4547-6242-489B-9449-9E972CBC4891}.Release|Any CPU.ActiveCfg = Release|Any CPU
		{A01D4547-6242-489B-9449-9E972CBC4891}.Release|Any CPU.Build.0 = Release|Any CPU
		{A01D4547-6242-489B-9449-9E972CBC4891}.Release-NoRepro|Any CPU.ActiveCfg = Release-NoRepro|Any CPU
		{A01D4547-6242-489B-9449-9E972CBC4891}.Release-NoRepro|Any CPU.Build.0 = Release-NoRepro|Any CPU
		{E0B0F44A-790A-4B31-980F-920594A7C3BE}.Debug|Any CPU.ActiveCfg = Debug|Any CPU
		{E0B0F44A-790A-4B31-980F-920594A7C3BE}.Debug|Any CPU.Build.0 = Debug|Any CPU
		{E0B0F44A-790A-4B31-980F-920594A7C3BE}.Release|Any CPU.ActiveCfg = Release|Any CPU
		{E0B0F44A-790A-4B31-980F-920594A7C3BE}.Release|Any CPU.Build.0 = Release|Any CPU
		{E0B0F44A-790A-4B31-980F-920594A7C3BE}.Release-NoRepro|Any CPU.ActiveCfg = Release-NoRepro|Any CPU
		{E0B0F44A-790A-4B31-980F-920594A7C3BE}.Release-NoRepro|Any CPU.Build.0 = Release-NoRepro|Any CPU
		{6536A452-BDF9-489E-86AB-C0AEEDB44FFC}.Debug|Any CPU.ActiveCfg = Debug|Any CPU
		{6536A452-BDF9-489E-86AB-C0AEEDB44FFC}.Debug|Any CPU.Build.0 = Debug|Any CPU
		{6536A452-BDF9-489E-86AB-C0AEEDB44FFC}.Release|Any CPU.ActiveCfg = Release|Any CPU
		{6536A452-BDF9-489E-86AB-C0AEEDB44FFC}.Release|Any CPU.Build.0 = Release|Any CPU
		{6536A452-BDF9-489E-86AB-C0AEEDB44FFC}.Release-NoRepro|Any CPU.ActiveCfg = Release-NoRepro|Any CPU
		{6536A452-BDF9-489E-86AB-C0AEEDB44FFC}.Release-NoRepro|Any CPU.Build.0 = Release-NoRepro|Any CPU
		{795DC7FA-8148-422F-B92F-75D7F89C4F23}.Debug|Any CPU.ActiveCfg = Debug|Any CPU
		{795DC7FA-8148-422F-B92F-75D7F89C4F23}.Debug|Any CPU.Build.0 = Debug|Any CPU
		{795DC7FA-8148-422F-B92F-75D7F89C4F23}.Release|Any CPU.ActiveCfg = Release|Any CPU
		{795DC7FA-8148-422F-B92F-75D7F89C4F23}.Release|Any CPU.Build.0 = Release|Any CPU
		{795DC7FA-8148-422F-B92F-75D7F89C4F23}.Release-NoRepro|Any CPU.ActiveCfg = Release-NoRepro|Any CPU
		{795DC7FA-8148-422F-B92F-75D7F89C4F23}.Release-NoRepro|Any CPU.Build.0 = Release-NoRepro|Any CPU
		{5DE4886C-E0AE-47A1-824B-A08627072E8E}.Debug|Any CPU.ActiveCfg = Debug|Any CPU
		{5DE4886C-E0AE-47A1-824B-A08627072E8E}.Debug|Any CPU.Build.0 = Debug|Any CPU
		{5DE4886C-E0AE-47A1-824B-A08627072E8E}.Release|Any CPU.ActiveCfg = Release|Any CPU
		{5DE4886C-E0AE-47A1-824B-A08627072E8E}.Release|Any CPU.Build.0 = Release|Any CPU
		{5DE4886C-E0AE-47A1-824B-A08627072E8E}.Release-NoRepro|Any CPU.ActiveCfg = Release-NoRepro|Any CPU
		{8B466418-B659-49AC-B259-E4B812DA4895}.Debug|Any CPU.ActiveCfg = Debug|Any CPU
		{8B466418-B659-49AC-B259-E4B812DA4895}.Debug|Any CPU.Build.0 = Debug|Any CPU
		{8B466418-B659-49AC-B259-E4B812DA4895}.Release|Any CPU.ActiveCfg = Release|Any CPU
		{8B466418-B659-49AC-B259-E4B812DA4895}.Release|Any CPU.Build.0 = Release|Any CPU
		{8B466418-B659-49AC-B259-E4B812DA4895}.Release-NoRepro|Any CPU.ActiveCfg = Release-NoRepro|Any CPU
		{8B466418-B659-49AC-B259-E4B812DA4895}.Release-NoRepro|Any CPU.Build.0 = Release-NoRepro|Any CPU
		{31371001-5605-4129-9BCE-52277DC00623}.Debug|Any CPU.ActiveCfg = Debug|Any CPU
		{31371001-5605-4129-9BCE-52277DC00623}.Debug|Any CPU.Build.0 = Debug|Any CPU
		{31371001-5605-4129-9BCE-52277DC00623}.Release|Any CPU.ActiveCfg = Release|Any CPU
		{31371001-5605-4129-9BCE-52277DC00623}.Release|Any CPU.Build.0 = Release|Any CPU
		{31371001-5605-4129-9BCE-52277DC00623}.Release-NoRepro|Any CPU.ActiveCfg = Release-NoRepro|Any CPU
		{31371001-5605-4129-9BCE-52277DC00623}.Release-NoRepro|Any CPU.Build.0 = Release-NoRepro|Any CPU
		{F22C0FA9-FDAA-4303-BBDF-D2A69139E238}.Debug|Any CPU.ActiveCfg = Debug|Any CPU
		{F22C0FA9-FDAA-4303-BBDF-D2A69139E238}.Debug|Any CPU.Build.0 = Debug|Any CPU
		{F22C0FA9-FDAA-4303-BBDF-D2A69139E238}.Release|Any CPU.ActiveCfg = Release|Any CPU
		{F22C0FA9-FDAA-4303-BBDF-D2A69139E238}.Release|Any CPU.Build.0 = Release|Any CPU
		{F22C0FA9-FDAA-4303-BBDF-D2A69139E238}.Release-NoRepro|Any CPU.ActiveCfg = Release-NoRepro|Any CPU
		{F22C0FA9-FDAA-4303-BBDF-D2A69139E238}.Release-NoRepro|Any CPU.Build.0 = Release-NoRepro|Any CPU
	EndGlobalSection
	GlobalSection(SolutionProperties) = preSolution
		HideSolutionNode = FALSE
	EndGlobalSection
	GlobalSection(ExtensibilityGlobals) = postSolution
		SolutionGuid = {EC2BB7B3-F8F8-415F-817B-2A098BE44CD2}
	EndGlobalSection
EndGlobal
