
Microsoft Visual Studio Solution File, Format Version 12.00
# Visual Studio 15
VisualStudioVersion = 15.0.28307.572
MinimumVisualStudioVersion = 10.0.40219.1
Project("{FAE04EC0-301F-11D3-BF4B-00C04F79EFBC}") = "DSEDiagnosticInsightsConsole", "DSEDiagnosticInsightsConsole\DSEDiagnosticInsightsConsole.csproj", "{4D97150F-925A-4345-B9CD-82D6CFF960EA}"
EndProject
Project("{FAE04EC0-301F-11D3-BF4B-00C04F79EFBC}") = "DSEDiagnosticInsightsES", "DSEDiagnosticInsightsES\DSEDiagnosticInsightsES.csproj", "{A923A441-B3F2-41A9-B8B0-CB66ECC2E2F7}"
EndProject
Project("{FAE04EC0-301F-11D3-BF4B-00C04F79EFBC}") = "DSEDiagnosticLibrary", "DSEDiagnosticLibrary\DSEDiagnosticLibrary.csproj", "{AA88D5C0-9218-445C-885C-4B64FBFB9257}"
EndProject
Project("{FAE04EC0-301F-11D3-BF4B-00C04F79EFBC}") = "DSEDiagnosticLogger", "DSEDiagnosticLogger\DSEDiagnosticLogger.csproj", "{D374EB28-89C6-4ECF-B68E-7BEDEAC4212E}"
EndProject
Global
	GlobalSection(SolutionConfigurationPlatforms) = preSolution
		Debug|Any CPU = Debug|Any CPU
		Release|Any CPU = Release|Any CPU
	EndGlobalSection
	GlobalSection(ProjectConfigurationPlatforms) = postSolution
		{4D97150F-925A-4345-B9CD-82D6CFF960EA}.Debug|Any CPU.ActiveCfg = Debug|Any CPU
		{4D97150F-925A-4345-B9CD-82D6CFF960EA}.Debug|Any CPU.Build.0 = Debug|Any CPU
		{4D97150F-925A-4345-B9CD-82D6CFF960EA}.Release|Any CPU.ActiveCfg = Release|Any CPU
		{4D97150F-925A-4345-B9CD-82D6CFF960EA}.Release|Any CPU.Build.0 = Release|Any CPU
		{A923A441-B3F2-41A9-B8B0-CB66ECC2E2F7}.Debug|Any CPU.ActiveCfg = Debug|Any CPU
		{A923A441-B3F2-41A9-B8B0-CB66ECC2E2F7}.Debug|Any CPU.Build.0 = Debug|Any CPU
		{A923A441-B3F2-41A9-B8B0-CB66ECC2E2F7}.Release|Any CPU.ActiveCfg = Release|Any CPU
		{A923A441-B3F2-41A9-B8B0-CB66ECC2E2F7}.Release|Any CPU.Build.0 = Release|Any CPU
		{AA88D5C0-9218-445C-885C-4B64FBFB9257}.Debug|Any CPU.ActiveCfg = Debug|Any CPU
		{AA88D5C0-9218-445C-885C-4B64FBFB9257}.Debug|Any CPU.Build.0 = Debug|Any CPU
		{AA88D5C0-9218-445C-885C-4B64FBFB9257}.Release|Any CPU.ActiveCfg = Release|Any CPU
		{AA88D5C0-9218-445C-885C-4B64FBFB9257}.Release|Any CPU.Build.0 = Release|Any CPU
		{D374EB28-89C6-4ECF-B68E-7BEDEAC4212E}.Debug|Any CPU.ActiveCfg = Debug|Any CPU
		{D374EB28-89C6-4ECF-B68E-7BEDEAC4212E}.Debug|Any CPU.Build.0 = Debug|Any CPU
		{D374EB28-89C6-4ECF-B68E-7BEDEAC4212E}.Release|Any CPU.ActiveCfg = Release|Any CPU
		{D374EB28-89C6-4ECF-B68E-7BEDEAC4212E}.Release|Any CPU.Build.0 = Release|Any CPU
	EndGlobalSection
	GlobalSection(SolutionProperties) = preSolution
		HideSolutionNode = FALSE
	EndGlobalSection
	GlobalSection(ExtensibilityGlobals) = postSolution
		SolutionGuid = {91FB962D-ACF5-4801-86B0-B38B2E1DE7BF}
	EndGlobalSection
EndGlobal
